// !$*UTF8*$!
{
	archiveVersion = 1;
	classes = {
	};
	objectVersion = 46;
	objects = {

/* Begin PBXBuildFile section */
		583B1DFE1B4ED0030072C9A6 /* AppDelegate.swift in Sources */ = {isa = PBXBuildFile; fileRef = 583B1DFD1B4ED0030072C9A6 /* AppDelegate.swift */; };
		583B1E011B4ED0030072C9A6 /* ImmoTest.xcdatamodeld in Sources */ = {isa = PBXBuildFile; fileRef = 583B1DFF1B4ED0030072C9A6 /* ImmoTest.xcdatamodeld */; };
		583B1E031B4ED0030072C9A6 /* ViewController.swift in Sources */ = {isa = PBXBuildFile; fileRef = 583B1E021B4ED0030072C9A6 /* ViewController.swift */; };
		583B1E061B4ED0030072C9A6 /* Main.storyboard in Resources */ = {isa = PBXBuildFile; fileRef = 583B1E041B4ED0030072C9A6 /* Main.storyboard */; };
		583B1E081B4ED0030072C9A6 /* Images.xcassets in Resources */ = {isa = PBXBuildFile; fileRef = 583B1E071B4ED0030072C9A6 /* Images.xcassets */; };
		583B1E0B1B4ED0030072C9A6 /* LaunchScreen.xib in Resources */ = {isa = PBXBuildFile; fileRef = 583B1E091B4ED0030072C9A6 /* LaunchScreen.xib */; };
		583B1E171B4ED0030072C9A6 /* ImmoTestTests.swift in Sources */ = {isa = PBXBuildFile; fileRef = 583B1E161B4ED0030072C9A6 /* ImmoTestTests.swift */; };
/* End PBXBuildFile section */

/* Begin PBXContainerItemProxy section */
		583B1E111B4ED0030072C9A6 /* PBXContainerItemProxy */ = {
			isa = PBXContainerItemProxy;
			containerPortal = 583B1DF01B4ED0020072C9A6 /* Project object */;
			proxyType = 1;
			remoteGlobalIDString = 583B1DF71B4ED0030072C9A6;
			remoteInfo = ImmoTest;
		};
/* End PBXContainerItemProxy section */

/* Begin PBXFileReference section */
		583B1DF81B4ED0030072C9A6 /* ImmoTest.app */ = {isa = PBXFileReference; explicitFileType = wrapper.application; includeInIndex = 0; path = ImmoTest.app; sourceTree = BUILT_PRODUCTS_DIR; };
		583B1DFC1B4ED0030072C9A6 /* Info.plist */ = {isa = PBXFileReference; lastKnownFileType = text.plist.xml; path = Info.plist; sourceTree = "<group>"; };
		583B1DFD1B4ED0030072C9A6 /* AppDelegate.swift */ = {isa = PBXFileReference; lastKnownFileType = sourcecode.swift; path = AppDelegate.swift; sourceTree = "<group>"; };
		583B1E001B4ED0030072C9A6 /* ImmoTest.xcdatamodel */ = {isa = PBXFileReference; lastKnownFileType = wrapper.xcdatamodel; path = ImmoTest.xcdatamodel; sourceTree = "<group>"; };
		583B1E021B4ED0030072C9A6 /* ViewController.swift */ = {isa = PBXFileReference; lastKnownFileType = sourcecode.swift; path = ViewController.swift; sourceTree = "<group>"; };
		583B1E051B4ED0030072C9A6 /* Base */ = {isa = PBXFileReference; lastKnownFileType = file.storyboard; name = Base; path = Base.lproj/Main.storyboard; sourceTree = "<group>"; };
		583B1E071B4ED0030072C9A6 /* Images.xcassets */ = {isa = PBXFileReference; lastKnownFileType = folder.assetcatalog; path = Images.xcassets; sourceTree = "<group>"; };
		583B1E0A1B4ED0030072C9A6 /* Base */ = {isa = PBXFileReference; lastKnownFileType = file.xib; name = Base; path = Base.lproj/LaunchScreen.xib; sourceTree = "<group>"; };
		583B1E101B4ED0030072C9A6 /* ImmoTestTests.xctest */ = {isa = PBXFileReference; explicitFileType = wrapper.cfbundle; includeInIndex = 0; path = ImmoTestTests.xctest; sourceTree = BUILT_PRODUCTS_DIR; };
		583B1E151B4ED0030072C9A6 /* Info.plist */ = {isa = PBXFileReference; lastKnownFileType = text.plist.xml; path = Info.plist; sourceTree = "<group>"; };
		583B1E161B4ED0030072C9A6 /* ImmoTestTests.swift */ = {isa = PBXFileReference; lastKnownFileType = sourcecode.swift; path = ImmoTestTests.swift; sourceTree = "<group>"; };
/* End PBXFileReference section */

/* Begin PBXFrameworksBuildPhase section */
		583B1DF51B4ED0030072C9A6 /* Frameworks */ = {
			isa = PBXFrameworksBuildPhase;
			buildActionMask = 2147483647;
			files = (
			);
			runOnlyForDeploymentPostprocessing = 0;
		};
		583B1E0D1B4ED0030072C9A6 /* Frameworks */ = {
			isa = PBXFrameworksBuildPhase;
			buildActionMask = 2147483647;
			files = (
			);
			runOnlyForDeploymentPostprocessing = 0;
		};
/* End PBXFrameworksBuildPhase section */

/* Begin PBXGroup section */
		583B1DEF1B4ED0020072C9A6 = {
			isa = PBXGroup;
			children = (
				583B1DFA1B4ED0030072C9A6 /* ImmoTest */,
				583B1E131B4ED0030072C9A6 /* ImmoTestTests */,
				583B1DF91B4ED0030072C9A6 /* Products */,
			);
			sourceTree = "<group>";
		};
		583B1DF91B4ED0030072C9A6 /* Products */ = {
			isa = PBXGroup;
			children = (
				583B1DF81B4ED0030072C9A6 /* ImmoTest.app */,
				583B1E101B4ED0030072C9A6 /* ImmoTestTests.xctest */,
			);
			name = Products;
			sourceTree = "<group>";
		};
		583B1DFA1B4ED0030072C9A6 /* ImmoTest */ = {
			isa = PBXGroup;
			children = (
				583B1DFD1B4ED0030072C9A6 /* AppDelegate.swift */,
				583B1E021B4ED0030072C9A6 /* ViewController.swift */,
				583B1E041B4ED0030072C9A6 /* Main.storyboard */,
				583B1E071B4ED0030072C9A6 /* Images.xcassets */,
				583B1E091B4ED0030072C9A6 /* LaunchScreen.xib */,
				583B1DFF1B4ED0030072C9A6 /* ImmoTest.xcdatamodeld */,
				583B1DFB1B4ED0030072C9A6 /* Supporting Files */,
			);
			path = ImmoTest;
			sourceTree = "<group>";
		};
		583B1DFB1B4ED0030072C9A6 /* Supporting Files */ = {
			isa = PBXGroup;
			children = (
				583B1DFC1B4ED0030072C9A6 /* Info.plist */,
			);
			name = "Supporting Files";
			sourceTree = "<group>";
		};
		583B1E131B4ED0030072C9A6 /* ImmoTestTests */ = {
			isa = PBXGroup;
			children = (
				583B1E161B4ED0030072C9A6 /* ImmoTestTests.swift */,
				583B1E141B4ED0030072C9A6 /* Supporting Files */,
			);
			path = ImmoTestTests;
			sourceTree = "<group>";
		};
		583B1E141B4ED0030072C9A6 /* Supporting Files */ = {
			isa = PBXGroup;
			children = (
				583B1E151B4ED0030072C9A6 /* Info.plist */,
			);
			name = "Supporting Files";
			sourceTree = "<group>";
		};
/* End PBXGroup section */

/* Begin PBXNativeTarget section */
		583B1DF71B4ED0030072C9A6 /* ImmoTest */ = {
			isa = PBXNativeTarget;
			buildConfigurationList = 583B1E1A1B4ED0030072C9A6 /* Build configuration list for PBXNativeTarget "ImmoTest" */;
			buildPhases = (
				583B1DF41B4ED0030072C9A6 /* Sources */,
				583B1DF51B4ED0030072C9A6 /* Frameworks */,
				583B1DF61B4ED0030072C9A6 /* Resources */,
			);
			buildRules = (
			);
			dependencies = (
			);
			name = ImmoTest;
			productName = ImmoTest;
			productReference = 583B1DF81B4ED0030072C9A6 /* ImmoTest.app */;
			productType = "com.apple.product-type.application";
		};
		583B1E0F1B4ED0030072C9A6 /* ImmoTestTests */ = {
			isa = PBXNativeTarget;
			buildConfigurationList = 583B1E1D1B4ED0030072C9A6 /* Build configuration list for PBXNativeTarget "ImmoTestTests" */;
			buildPhases = (
				583B1E0C1B4ED0030072C9A6 /* Sources */,
				583B1E0D1B4ED0030072C9A6 /* Frameworks */,
				583B1E0E1B4ED0030072C9A6 /* Resources */,
			);
			buildRules = (
			);
			dependencies = (
				583B1E121B4ED0030072C9A6 /* PBXTargetDependency */,
			);
			name = ImmoTestTests;
			productName = ImmoTestTests;
			productReference = 583B1E101B4ED0030072C9A6 /* ImmoTestTests.xctest */;
			productType = "com.apple.product-type.bundle.unit-test";
		};
/* End PBXNativeTarget section */

/* Begin PBXProject section */
		583B1DF01B4ED0020072C9A6 /* Project object */ = {
			isa = PBXProject;
			attributes = {
				LastUpgradeCheck = 0640;
				ORGANIZATIONNAME = "Digitales Handwerk";
				TargetAttributes = {
					583B1DF71B4ED0030072C9A6 = {
						CreatedOnToolsVersion = 6.4;
					};
					583B1E0F1B4ED0030072C9A6 = {
						CreatedOnToolsVersion = 6.4;
						TestTargetID = 583B1DF71B4ED0030072C9A6;
					};
				};
			};
			buildConfigurationList = 583B1DF31B4ED0020072C9A6 /* Build configuration list for PBXProject "ImmoTest" */;
			compatibilityVersion = "Xcode 3.2";
			developmentRegion = English;
			hasScannedForEncodings = 0;
			knownRegions = (
				en,
				Base,
			);
			mainGroup = 583B1DEF1B4ED0020072C9A6;
			productRefGroup = 583B1DF91B4ED0030072C9A6 /* Products */;
			projectDirPath = "";
			projectRoot = "";
			targets = (
				583B1DF71B4ED0030072C9A6 /* ImmoTest */,
				583B1E0F1B4ED0030072C9A6 /* ImmoTestTests */,
			);
		};
/* End PBXProject section */

/* Begin PBXResourcesBuildPhase section */
		583B1DF61B4ED0030072C9A6 /* Resources */ = {
			isa = PBXResourcesBuildPhase;
			buildActionMask = 2147483647;
			files = (
				583B1E061B4ED0030072C9A6 /* Main.storyboard in Resources */,
				583B1E0B1B4ED0030072C9A6 /* LaunchScreen.xib in Resources */,
				583B1E081B4ED0030072C9A6 /* Images.xcassets in Resources */,
			);
			runOnlyForDeploymentPostprocessing = 0;
		};
		583B1E0E1B4ED0030072C9A6 /* Resources */ = {
			isa = PBXResourcesBuildPhase;
			buildActionMask = 2147483647;
			files = (
			);
			runOnlyForDeploymentPostprocessing = 0;
		};
/* End PBXResourcesBuildPhase section */

/* Begin PBXSourcesBuildPhase section */
		583B1DF41B4ED0030072C9A6 /* Sources */ = {
			isa = PBXSourcesBuildPhase;
			buildActionMask = 2147483647;
			files = (
				583B1E031B4ED0030072C9A6 /* ViewController.swift in Sources */,
				583B1DFE1B4ED0030072C9A6 /* AppDelegate.swift in Sources */,
				583B1E011B4ED0030072C9A6 /* ImmoTest.xcdatamodeld in Sources */,
			);
			runOnlyForDeploymentPostprocessing = 0;
		};
		583B1E0C1B4ED0030072C9A6 /* Sources */ = {
			isa = PBXSourcesBuildPhase;
			buildActionMask = 2147483647;
			files = (
				583B1E171B4ED0030072C9A6 /* ImmoTestTests.swift in Sources */,
			);
			runOnlyForDeploymentPostprocessing = 0;
		};
/* End PBXSourcesBuildPhase section */

/* Begin PBXTargetDependency section */
		583B1E121B4ED0030072C9A6 /* PBXTargetDependency */ = {
			isa = PBXTargetDependency;
			target = 583B1DF71B4ED0030072C9A6 /* ImmoTest */;
			targetProxy = 583B1E111B4ED0030072C9A6 /* PBXContainerItemProxy */;
		};
/* End PBXTargetDependency section */

/* Begin PBXVariantGroup section */
		583B1E041B4ED0030072C9A6 /* Main.storyboard */ = {
			isa = PBXVariantGroup;
			children = (
				583B1E051B4ED0030072C9A6 /* Base */,
			);
			name = Main.storyboard;
			sourceTree = "<group>";
		};
		583B1E091B4ED0030072C9A6 /* LaunchScreen.xib */ = {
			isa = PBXVariantGroup;
			children = (
				583B1E0A1B4ED0030072C9A6 /* Base */,
			);
			name = LaunchScreen.xib;
			sourceTree = "<group>";
		};
/* End PBXVariantGroup section */

/* Begin XCBuildConfiguration section */
		583B1E181B4ED0030072C9A6 /* Debug */ = {
			isa = XCBuildConfiguration;
			buildSettings = {
				ALWAYS_SEARCH_USER_PATHS = NO;
				CLANG_CXX_LANGUAGE_STANDARD = "gnu++0x";
				CLANG_CXX_LIBRARY = "libc++";
				CLANG_ENABLE_MODULES = YES;
				CLANG_ENABLE_OBJC_ARC = YES;
				CLANG_WARN_BOOL_CONVERSION = YES;
				CLANG_WARN_CONSTANT_CONVERSION = YES;
				CLANG_WARN_DIRECT_OBJC_ISA_USAGE = YES_ERROR;
				CLANG_WARN_EMPTY_BODY = YES;
				CLANG_WARN_ENUM_CONVERSION = YES;
				CLANG_WARN_INT_CONVERSION = YES;
				CLANG_WARN_OBJC_ROOT_CLASS = YES_ERROR;
				CLANG_WARN_UNREACHABLE_CODE = YES;
				CLANG_WARN__DUPLICATE_METHOD_MATCH = YES;
				"CODE_SIGN_IDENTITY[sdk=iphoneos*]" = "iPhone Developer";
				COPY_PHASE_STRIP = NO;
				DEBUG_INFORMATION_FORMAT = "dwarf-with-dsym";
				ENABLE_STRICT_OBJC_MSGSEND = YES;
				GCC_C_LANGUAGE_STANDARD = gnu99;
				GCC_DYNAMIC_NO_PIC = NO;
				GCC_NO_COMMON_BLOCKS = YES;
				GCC_OPTIMIZATION_LEVEL = 0;
				GCC_PREPROCESSOR_DEFINITIONS = (
					"DEBUG=1",
					"$(inherited)",
				);
				GCC_SYMBOLS_PRIVATE_EXTERN = NO;
				GCC_WARN_64_TO_32_BIT_CONVERSION = YES;
				GCC_WARN_ABOUT_RETURN_TYPE = YES_ERROR;
				GCC_WARN_UNDECLARED_SELECTOR = YES;
				GCC_WARN_UNINITIALIZED_AUTOS = YES_AGGRESSIVE;
				GCC_WARN_UNUSED_FUNCTION = YES;
				GCC_WARN_UNUSED_VARIABLE = YES;
				IPHONEOS_DEPLOYMENT_TARGET = 8.4;
				MTL_ENABLE_DEBUG_INFO = YES;
				ONLY_ACTIVE_ARCH = YES;
				SDKROOT = iphoneos;
				SWIFT_OPTIMIZATION_LEVEL = "-Onone";
				TARGETED_DEVICE_FAMILY = "1,2";
			};
			name = Debug;
		};
		583B1E191B4ED0030072C9A6 /* Release */ = {
			isa = XCBuildConfiguration;
			buildSettings = {
				ALWAYS_SEARCH_USER_PATHS = NO;
				CLANG_CXX_LANGUAGE_STANDARD = "gnu++0x";
				CLANG_CXX_LIBRARY = "libc++";
				CLANG_ENABLE_MODULES = YES;
				CLANG_ENABLE_OBJC_ARC = YES;
				CLANG_WARN_BOOL_CONVERSION = YES;
				CLANG_WARN_CONSTANT_CONVERSION = YES;
				CLANG_WARN_DIRECT_OBJC_ISA_USAGE = YES_ERROR;
				CLANG_WARN_EMPTY_BODY = YES;
				CLANG_WARN_ENUM_CONVERSION = YES;
				CLANG_WARN_INT_CONVERSION = YES;
				CLANG_WARN_OBJC_ROOT_CLASS = YES_ERROR;
				CLANG_WARN_UNREACHABLE_CODE = YES;
				CLANG_WARN__DUPLICATE_METHOD_MATCH = YES;
				"CODE_SIGN_IDENTITY[sdk=iphoneos*]" = "iPhone Developer";
				COPY_PHASE_STRIP = NO;
				DEBUG_INFORMATION_FORMAT = "dwarf-with-dsym";
				ENABLE_NS_ASSERTIONS = NO;
				ENABLE_STRICT_OBJC_MSGSEND = YES;
				GCC_C_LANGUAGE_STANDARD = gnu99;
				GCC_NO_COMMON_BLOCKS = YES;
				GCC_WARN_64_TO_32_BIT_CONVERSION = YES;
				GCC_WARN_ABOUT_RETURN_TYPE = YES_ERROR;
				GCC_WARN_UNDECLARED_SELECTOR = YES;
				GCC_WARN_UNINITIALIZED_AUTOS = YES_AGGRESSIVE;
				GCC_WARN_UNUSED_FUNCTION = YES;
				GCC_WARN_UNUSED_VARIABLE = YES;
				IPHONEOS_DEPLOYMENT_TARGET = 8.4;
				MTL_ENABLE_DEBUG_INFO = NO;
				SDKROOT = iphoneos;
				TARGETED_DEVICE_FAMILY = "1,2";
				VALIDATE_PRODUCT = YES;
			};
			name = Release;
		};
		583B1E1B1B4ED0030072C9A6 /* Debug */ = {
			isa = XCBuildConfiguration;
			buildSettings = {
				ASSETCATALOG_COMPILER_APPICON_NAME = AppIcon;
				INFOPLIST_FILE = ImmoTest/Info.plist;
				LD_RUNPATH_SEARCH_PATHS = "$(inherited) @executable_path/Frameworks";
				PRODUCT_NAME = "$(TARGET_NAME)";
			};
			name = Debug;
		};
		583B1E1C1B4ED0030072C9A6 /* Release */ = {
			isa = XCBuildConfiguration;
			buildSettings = {
				ASSETCATALOG_COMPILER_APPICON_NAME = AppIcon;
				INFOPLIST_FILE = ImmoTest/Info.plist;
				LD_RUNPATH_SEARCH_PATHS = "$(inherited) @executable_path/Frameworks";
				PRODUCT_NAME = "$(TARGET_NAME)";
			};
			name = Release;
		};
		583B1E1E1B4ED0030072C9A6 /* Debug */ = {
			isa = XCBuildConfiguration;
			buildSettings = {
				BUNDLE_LOADER = "$(TEST_HOST)";
				FRAMEWORK_SEARCH_PATHS = (
					"$(SDKROOT)/Developer/Library/Frameworks",
					"$(inherited)",
				);
				GCC_PREPROCESSOR_DEFINITIONS = (
					"DEBUG=1",
					"$(inherited)",
				);
				INFOPLIST_FILE = ImmoTestTests/Info.plist;
				LD_RUNPATH_SEARCH_PATHS = "$(inherited) @executable_path/Frameworks @loader_path/Frameworks";
				PRODUCT_NAME = "$(TARGET_NAME)";
				TEST_HOST = "$(BUILT_PRODUCTS_DIR)/ImmoTest.app/ImmoTest";
			};
			name = Debug;
		};
		583B1E1F1B4ED0030072C9A6 /* Release */ = {
			isa = XCBuildConfiguration;
			buildSettings = {
				BUNDLE_LOADER = "$(TEST_HOST)";
				FRAMEWORK_SEARCH_PATHS = (
					"$(SDKROOT)/Developer/Library/Frameworks",
					"$(inherited)",
				);
				INFOPLIST_FILE = ImmoTestTests/Info.plist;
				LD_RUNPATH_SEARCH_PATHS = "$(inherited) @executable_path/Frameworks @loader_path/Frameworks";
				PRODUCT_NAME = "$(TARGET_NAME)";
				TEST_HOST = "$(BUILT_PRODUCTS_DIR)/ImmoTest.app/ImmoTest";
			};
			name = Release;
		};
/* End XCBuildConfiguration section */

/* Begin XCConfigurationList section */
		583B1DF31B4ED0020072C9A6 /* Build configuration list for PBXProject "ImmoTest" */ = {
			isa = XCConfigurationList;
			buildConfigurations = (
				583B1E181B4ED0030072C9A6 /* Debug */,
				583B1E191B4ED0030072C9A6 /* Release */,
			);
			defaultConfigurationIsVisible = 0;
			defaultConfigurationName = Release;
		};
		583B1E1A1B4ED0030072C9A6 /* Build configuration list for PBXNativeTarget "ImmoTest" */ = {
			isa = XCConfigurationList;
			buildConfigurations = (
				583B1E1B1B4ED0030072C9A6 /* Debug */,
				583B1E1C1B4ED0030072C9A6 /* Release */,
			);
			defaultConfigurationIsVisible = 0;
		};
		583B1E1D1B4ED0030072C9A6 /* Build configuration list for PBXNativeTarget "ImmoTestTests" */ = {
			isa = XCConfigurationList;
			buildConfigurations = (
				583B1E1E1B4ED0030072C9A6 /* Debug */,
				583B1E1F1B4ED0030072C9A6 /* Release */,
			);
			defaultConfigurationIsVisible = 0;
		};
/* End XCConfigurationList section */

/* Begin XCVersionGroup section */
		583B1DFF1B4ED0030072C9A6 /* ImmoTest.xcdatamodeld */ = {
			isa = XCVersionGroup;
			children = (
				583B1E001B4ED0030072C9A6 /* ImmoTest.xcdatamodel */,
			);
			currentVersion = 583B1E001B4ED0030072C9A6 /* ImmoTest.xcdatamodel */;
			path = ImmoTest.xcdatamodeld;
			sourceTree = "<group>";
			versionGroupType = wrapper.xcdatamodel;
		};
/* End XCVersionGroup section */
	};
	rootObject = 583B1DF01B4ED0020072C9A6 /* Project object */;
}
